// !$*UTF8*$!
{
	archiveVersion = 1;
	classes = {
	};
	objectVersion = 46;
	objects = {

/* Begin PBXBuildFile section */
		E22A5A8614810C8C00485A50 /* AmbigousContactConflictResolverViewController.m in Sources */ = {isa = PBXBuildFile; fileRef = E22A5A8514810C8C00485A50 /* AmbigousContactConflictResolverViewController.m */; };
		E23A73BB1487E1B0001AE253 /* TFAddressBook.m in Sources */ = {isa = PBXBuildFile; fileRef = E23A73991487E1B0001AE253 /* TFAddressBook.m */; };
		E23A73BD1487E1B0001AE253 /* TFBasicSearchElement.m in Sources */ = {isa = PBXBuildFile; fileRef = E23A739B1487E1B0001AE253 /* TFBasicSearchElement.m */; };
		E23A73BF1487E1B0001AE253 /* TFGroup.m in Sources */ = {isa = PBXBuildFile; fileRef = E23A739E1487E1B0001AE253 /* TFGroup.m */; };
		E23A73C11487E1B0001AE253 /* TFMultiValue.m in Sources */ = {isa = PBXBuildFile; fileRef = E23A73A01487E1B0001AE253 /* TFMultiValue.m */; };
		E23A73C31487E1B0001AE253 /* TFMutableMultiValue.m in Sources */ = {isa = PBXBuildFile; fileRef = E23A73A21487E1B0001AE253 /* TFMutableMultiValue.m */; };
		E23A73C51487E1B0001AE253 /* TFPerson.m in Sources */ = {isa = PBXBuildFile; fileRef = E23A73A41487E1B0001AE253 /* TFPerson.m */; };
		E23A73C71487E1B0001AE253 /* TFRecord.m in Sources */ = {isa = PBXBuildFile; fileRef = E23A73A61487E1B0001AE253 /* TFRecord.m */; };
		E23A73C91487E1B0001AE253 /* TFSearchElement.m in Sources */ = {isa = PBXBuildFile; fileRef = E23A73A81487E1B0001AE253 /* TFSearchElement.m */; };
		E27357A114817E7E00BCE1BB /* UnmatchedContactConflictResolverViewController.m in Sources */ = {isa = PBXBuildFile; fileRef = E27357A014817E7E00BCE1BB /* UnmatchedContactConflictResolverViewController.m */; };
		E27357A91482D7B600BCE1BB /* Cocoa.framework in Frameworks */ = {isa = PBXBuildFile; fileRef = E27357A81482D7B600BCE1BB /* Cocoa.framework */; };
		E27357B31482D7B700BCE1BB /* InfoPlist.strings in Resources */ = {isa = PBXBuildFile; fileRef = E27357B11482D7B700BCE1BB /* InfoPlist.strings */; };
		E27357B51482D7B700BCE1BB /* main.m in Sources */ = {isa = PBXBuildFile; fileRef = E27357B41482D7B700BCE1BB /* main.m */; };
		E27357B91482D7B700BCE1BB /* Credits.rtf in Resources */ = {isa = PBXBuildFile; fileRef = E27357B71482D7B700BCE1BB /* Credits.rtf */; };
		E27357BC1482D7B700BCE1BB /* AppDelegate.m in Sources */ = {isa = PBXBuildFile; fileRef = E27357BB1482D7B700BCE1BB /* AppDelegate.m */; };
		E27357BF1482D7B700BCE1BB /* MainMenu.xib in Resources */ = {isa = PBXBuildFile; fileRef = E27357BD1482D7B700BCE1BB /* MainMenu.xib */; };
		E27357C61482D84F00BCE1BB /* AddressbookSyncDemo.xcdatamodeld in Sources */ = {isa = PBXBuildFile; fileRef = E2BB1DF9147D3CCC002263D0 /* AddressbookSyncDemo.xcdatamodeld */; };
		E27357C81482D8BD00BCE1BB /* NSObject+BlockExtensions.m in Sources */ = {isa = PBXBuildFile; fileRef = E2BB1E11147D4480002263D0 /* NSObject+BlockExtensions.m */; };
		E27357C91482D8C400BCE1BB /* NSManagedObjectContext+SearchExtensions.m in Sources */ = {isa = PBXBuildFile; fileRef = E2BB1E0F147D447F002263D0 /* NSManagedObjectContext+SearchExtensions.m */; };
		E27357CB1482DC2500BCE1BB /* AddressBook.framework in Frameworks */ = {isa = PBXBuildFile; fileRef = E27357CA1482DC2500BCE1BB /* AddressBook.framework */; };
		E27357CD1482DC3A00BCE1BB /* CoreData.framework in Frameworks */ = {isa = PBXBuildFile; fileRef = E27357CC1482DC3900BCE1BB /* CoreData.framework */; };
		E27357D21482DEC100BCE1BB /* Foundation.framework in Frameworks */ = {isa = PBXBuildFile; fileRef = E27357D11482DEC100BCE1BB /* Foundation.framework */; };
		E27357D41482DEC800BCE1BB /* AppKit.framework in Frameworks */ = {isa = PBXBuildFile; fileRef = E27357D31482DEC800BCE1BB /* AppKit.framework */; };
		E27357D91483713E00BCE1BB /* Contact.m in Sources */ = {isa = PBXBuildFile; fileRef = E27357D81483713E00BCE1BB /* Contact.m */; };
		E27357DA1483713E00BCE1BB /* Contact.m in Sources */ = {isa = PBXBuildFile; fileRef = E27357D81483713E00BCE1BB /* Contact.m */; };
		E27357EE148427AA00BCE1BB /* SelectContact.xib in Resources */ = {isa = PBXBuildFile; fileRef = E27357ED148427AA00BCE1BB /* SelectContact.xib */; };
		E27357F21484285800BCE1BB /* SelectContactSheetController.m in Sources */ = {isa = PBXBuildFile; fileRef = E27357F11484285800BCE1BB /* SelectContactSheetController.m */; };
		E2B3D6D7148AB92B0004F4D1 /* AmbigousContactResolver.xib in Resources */ = {isa = PBXBuildFile; fileRef = E2B3D6D6148AB92B0004F4D1 /* AmbigousContactResolver.xib */; };
		E2B3D6DF148C19820004F4D1 /* AmbigousContactResolverViewController.m in Sources */ = {isa = PBXBuildFile; fileRef = E2B3D6DD148C19820004F4D1 /* AmbigousContactResolverViewController.m */; };
		E2B3D6E6148F792F0004F4D1 /* TFPerson+CompositeName.m in Sources */ = {isa = PBXBuildFile; fileRef = E2B3D6E5148F792F0004F4D1 /* TFPerson+CompositeName.m */; };
		E2B3D6E7148F792F0004F4D1 /* TFPerson+CompositeName.m in Sources */ = {isa = PBXBuildFile; fileRef = E2B3D6E5148F792F0004F4D1 /* TFPerson+CompositeName.m */; };
		E2B3D6EB148FD9A40004F4D1 /* EmptyNSArrayControllerSelectionValueTransformer.m in Sources */ = {isa = PBXBuildFile; fileRef = E2B3D6E9148FD9A30004F4D1 /* EmptyNSArrayControllerSelectionValueTransformer.m */; };
		E2B3D6EE148FF4B70004F4D1 /* CompositeNameValueTransformer.m in Sources */ = {isa = PBXBuildFile; fileRef = E2B3D6ED148FF4B70004F4D1 /* CompositeNameValueTransformer.m */; };
		E2B3D6F0148FFE1D0004F4D1 /* UnresolvedContactResolver.xib in Resources */ = {isa = PBXBuildFile; fileRef = E2B3D6EF148FFE1D0004F4D1 /* UnresolvedContactResolver.xib */; };
		E2B3D6F3148FFED10004F4D1 /* UnresolvedContactResolverViewController.m in Sources */ = {isa = PBXBuildFile; fileRef = E2B3D6F2148FFED00004F4D1 /* UnresolvedContactResolverViewController.m */; };
		E2B3D6F6149008550004F4D1 /* ContactArrayController.m in Sources */ = {isa = PBXBuildFile; fileRef = E2B3D6F5149008540004F4D1 /* ContactArrayController.m */; };
		E2BB1DE0147D3CCC002263D0 /* UIKit.framework in Frameworks */ = {isa = PBXBuildFile; fileRef = E2BB1DDF147D3CCC002263D0 /* UIKit.framework */; };
		E2BB1DE2147D3CCC002263D0 /* Foundation.framework in Frameworks */ = {isa = PBXBuildFile; fileRef = E2BB1DE1147D3CCC002263D0 /* Foundation.framework */; };
		E2BB1DE4147D3CCC002263D0 /* CoreGraphics.framework in Frameworks */ = {isa = PBXBuildFile; fileRef = E2BB1DE3147D3CCC002263D0 /* CoreGraphics.framework */; };
		E2BB1DE6147D3CCC002263D0 /* CoreData.framework in Frameworks */ = {isa = PBXBuildFile; fileRef = E2BB1DE5147D3CCC002263D0 /* CoreData.framework */; };
		E2BB1DEC147D3CCC002263D0 /* InfoPlist.strings in Resources */ = {isa = PBXBuildFile; fileRef = E2BB1DEA147D3CCC002263D0 /* InfoPlist.strings */; };
		E2BB1DEE147D3CCC002263D0 /* main.m in Sources */ = {isa = PBXBuildFile; fileRef = E2BB1DED147D3CCC002263D0 /* main.m */; };
		E2BB1DF2147D3CCC002263D0 /* AppDelegate.m in Sources */ = {isa = PBXBuildFile; fileRef = E2BB1DF1147D3CCC002263D0 /* AppDelegate.m */; };
		E2BB1DF5147D3CCC002263D0 /* MainStoryboard_iPhone.storyboard in Resources */ = {isa = PBXBuildFile; fileRef = E2BB1DF3147D3CCC002263D0 /* MainStoryboard_iPhone.storyboard */; };
		E2BB1DF8147D3CCC002263D0 /* MainStoryboard_iPad.storyboard in Resources */ = {isa = PBXBuildFile; fileRef = E2BB1DF6147D3CCC002263D0 /* MainStoryboard_iPad.storyboard */; };
		E2BB1DFB147D3CCC002263D0 /* AddressbookSyncDemo.xcdatamodeld in Sources */ = {isa = PBXBuildFile; fileRef = E2BB1DF9147D3CCC002263D0 /* AddressbookSyncDemo.xcdatamodeld */; };
		E2BB1DFE147D3CCC002263D0 /* MasterViewController.m in Sources */ = {isa = PBXBuildFile; fileRef = E2BB1DFD147D3CCC002263D0 /* MasterViewController.m */; };
		E2BB1E01147D3CCC002263D0 /* DetailViewController.m in Sources */ = {isa = PBXBuildFile; fileRef = E2BB1E00147D3CCC002263D0 /* DetailViewController.m */; };
		E2BB1E08147D3DAE002263D0 /* AddressBook.framework in Frameworks */ = {isa = PBXBuildFile; fileRef = E2BB1E07147D3DAE002263D0 /* AddressBook.framework */; };
		E2BB1E0A147D3DB1002263D0 /* AddressBookUI.framework in Frameworks */ = {isa = PBXBuildFile; fileRef = E2BB1E09147D3DB1002263D0 /* AddressBookUI.framework */; };
		E2BB1E12147D4482002263D0 /* NSManagedObjectContext+SearchExtensions.m in Sources */ = {isa = PBXBuildFile; fileRef = E2BB1E0F147D447F002263D0 /* NSManagedObjectContext+SearchExtensions.m */; };
		E2BB1E13147D4482002263D0 /* NSObject+BlockExtensions.m in Sources */ = {isa = PBXBuildFile; fileRef = E2BB1E11147D4480002263D0 /* NSObject+BlockExtensions.m */; };
		E2BB1E1B147D7E59002263D0 /* ShowContactDetails.m in Sources */ = {isa = PBXBuildFile; fileRef = E2BB1E1A147D7E53002263D0 /* ShowContactDetails.m */; };
		E2BB1E1E147D88E9002263D0 /* ContactSyncHandler.m in Sources */ = {isa = PBXBuildFile; fileRef = E2BB1E1D147D88E8002263D0 /* ContactSyncHandler.m */; };
		E2CD2488147F802100550386 /* UIAlertView+BlockExtensions.m in Sources */ = {isa = PBXBuildFile; fileRef = E2CD2487147F802100550386 /* UIAlertView+BlockExtensions.m */; };
		E2CD24AB1484C5EA00550386 /* _ContactMultiProperty.m in Sources */ = {isa = PBXBuildFile; fileRef = E2CD24AA1484C5EA00550386 /* _ContactMultiProperty.m */; };
		E2CD24AC1484C5EA00550386 /* _ContactMultiProperty.m in Sources */ = {isa = PBXBuildFile; fileRef = E2CD24AA1484C5EA00550386 /* _ContactMultiProperty.m */; };
		E2CD24B01484C72F00550386 /* PhoneNumber.m in Sources */ = {isa = PBXBuildFile; fileRef = E2CD24AF1484C72F00550386 /* PhoneNumber.m */; };
		E2CF37B01490F1020084421A /* EmailAddress.m in Sources */ = {isa = PBXBuildFile; fileRef = E2CF37AF1490F1010084421A /* EmailAddress.m */; };
		E2CF37B41491F45A0084421A /* Website.m in Sources */ = {isa = PBXBuildFile; fileRef = E2CF37B31491F4580084421A /* Website.m */; };
		E2CF37B71491F7040084421A /* Address.m in Sources */ = {isa = PBXBuildFile; fileRef = E2CF37B61491F7010084421A /* Address.m */; };
		E2CF37B81492011E0084421A /* PhoneNumber.m in Sources */ = {isa = PBXBuildFile; fileRef = E2CD24AF1484C72F00550386 /* PhoneNumber.m */; };
		E2CF37B91492012A0084421A /* EmailAddress.m in Sources */ = {isa = PBXBuildFile; fileRef = E2CF37AF1490F1010084421A /* EmailAddress.m */; };
		E2CF37BA149201300084421A /* Website.m in Sources */ = {isa = PBXBuildFile; fileRef = E2CF37B31491F4580084421A /* Website.m */; };
		E2CF37BB149201360084421A /* Address.m in Sources */ = {isa = PBXBuildFile; fileRef = E2CF37B61491F7010084421A /* Address.m */; };
/* End PBXBuildFile section */

/* Begin PBXFileReference section */
		E22A5A8414810C8C00485A50 /* AmbigousContactConflictResolverViewController.h */ = {isa = PBXFileReference; fileEncoding = 4; lastKnownFileType = sourcecode.c.h; path = AmbigousContactConflictResolverViewController.h; sourceTree = "<group>"; };
		E22A5A8514810C8C00485A50 /* AmbigousContactConflictResolverViewController.m */ = {isa = PBXFileReference; fileEncoding = 4; lastKnownFileType = sourcecode.c.objc; path = AmbigousContactConflictResolverViewController.m; sourceTree = "<group>"; };
		E23A73971487E1B0001AE253 /* TFAddressBook-Prefix.pch */ = {isa = PBXFileReference; fileEncoding = 4; lastKnownFileType = sourcecode.c.h; path = "TFAddressBook-Prefix.pch"; sourceTree = "<group>"; };
		E23A73981487E1B0001AE253 /* TFAddressBook.h */ = {isa = PBXFileReference; fileEncoding = 4; lastKnownFileType = sourcecode.c.h; path = TFAddressBook.h; sourceTree = "<group>"; };
		E23A73991487E1B0001AE253 /* TFAddressBook.m */ = {isa = PBXFileReference; fileEncoding = 4; lastKnownFileType = sourcecode.c.objc; path = TFAddressBook.m; sourceTree = "<group>"; };
		E23A739A1487E1B0001AE253 /* TFBasicSearchElement.h */ = {isa = PBXFileReference; fileEncoding = 4; lastKnownFileType = sourcecode.c.h; path = TFBasicSearchElement.h; sourceTree = "<group>"; };
		E23A739B1487E1B0001AE253 /* TFBasicSearchElement.m */ = {isa = PBXFileReference; fileEncoding = 4; lastKnownFileType = sourcecode.c.objc; path = TFBasicSearchElement.m; sourceTree = "<group>"; };
		E23A739C1487E1B0001AE253 /* TFGlobals.h */ = {isa = PBXFileReference; fileEncoding = 4; lastKnownFileType = sourcecode.c.h; path = TFGlobals.h; sourceTree = "<group>"; };
		E23A739D1487E1B0001AE253 /* TFGroup.h */ = {isa = PBXFileReference; fileEncoding = 4; lastKnownFileType = sourcecode.c.h; path = TFGroup.h; sourceTree = "<group>"; };
		E23A739E1487E1B0001AE253 /* TFGroup.m */ = {isa = PBXFileReference; fileEncoding = 4; lastKnownFileType = sourcecode.c.objc; path = TFGroup.m; sourceTree = "<group>"; };
		E23A739F1487E1B0001AE253 /* TFMultiValue.h */ = {isa = PBXFileReference; fileEncoding = 4; lastKnownFileType = sourcecode.c.h; path = TFMultiValue.h; sourceTree = "<group>"; };
		E23A73A01487E1B0001AE253 /* TFMultiValue.m */ = {isa = PBXFileReference; fileEncoding = 4; lastKnownFileType = sourcecode.c.objc; path = TFMultiValue.m; sourceTree = "<group>"; };
		E23A73A11487E1B0001AE253 /* TFMutableMultiValue.h */ = {isa = PBXFileReference; fileEncoding = 4; lastKnownFileType = sourcecode.c.h; path = TFMutableMultiValue.h; sourceTree = "<group>"; };
		E23A73A21487E1B0001AE253 /* TFMutableMultiValue.m */ = {isa = PBXFileReference; fileEncoding = 4; lastKnownFileType = sourcecode.c.objc; path = TFMutableMultiValue.m; sourceTree = "<group>"; };
		E23A73A31487E1B0001AE253 /* TFPerson.h */ = {isa = PBXFileReference; fileEncoding = 4; lastKnownFileType = sourcecode.c.h; path = TFPerson.h; sourceTree = "<group>"; };
		E23A73A41487E1B0001AE253 /* TFPerson.m */ = {isa = PBXFileReference; fileEncoding = 4; lastKnownFileType = sourcecode.c.objc; path = TFPerson.m; sourceTree = "<group>"; };
		E23A73A51487E1B0001AE253 /* TFRecord.h */ = {isa = PBXFileReference; fileEncoding = 4; lastKnownFileType = sourcecode.c.h; path = TFRecord.h; sourceTree = "<group>"; };
		E23A73A61487E1B0001AE253 /* TFRecord.m */ = {isa = PBXFileReference; fileEncoding = 4; lastKnownFileType = sourcecode.c.objc; path = TFRecord.m; sourceTree = "<group>"; };
		E23A73A71487E1B0001AE253 /* TFSearchElement.h */ = {isa = PBXFileReference; fileEncoding = 4; lastKnownFileType = sourcecode.c.h; path = TFSearchElement.h; sourceTree = "<group>"; };
		E23A73A81487E1B0001AE253 /* TFSearchElement.m */ = {isa = PBXFileReference; fileEncoding = 4; lastKnownFileType = sourcecode.c.objc; path = TFSearchElement.m; sourceTree = "<group>"; };
		E23A73AD1487E1B0001AE253 /* TFGlobals.h */ = {isa = PBXFileReference; fileEncoding = 4; lastKnownFileType = sourcecode.c.h; path = TFGlobals.h; sourceTree = "<group>"; };
		E23A73BA1487E1B0001AE253 /* TFABAddressBook.h */ = {isa = PBXFileReference; fileEncoding = 4; lastKnownFileType = sourcecode.c.h; name = TFABAddressBook.h; path = ../TFAddressBook/TFABAddressBook.h; sourceTree = "<group>"; };
		E273579F14817E7E00BCE1BB /* UnmatchedContactConflictResolverViewController.h */ = {isa = PBXFileReference; fileEncoding = 4; lastKnownFileType = sourcecode.c.h; path = UnmatchedContactConflictResolverViewController.h; sourceTree = "<group>"; };
		E27357A014817E7E00BCE1BB /* UnmatchedContactConflictResolverViewController.m */ = {isa = PBXFileReference; fileEncoding = 4; lastKnownFileType = sourcecode.c.objc; path = UnmatchedContactConflictResolverViewController.m; sourceTree = "<group>"; };
		E27357A61482D7B600BCE1BB /* AddressbookSyncDemoMac.app */ = {isa = PBXFileReference; explicitFileType = wrapper.application; includeInIndex = 0; path = AddressbookSyncDemoMac.app; sourceTree = BUILT_PRODUCTS_DIR; };
		E27357A81482D7B600BCE1BB /* Cocoa.framework */ = {isa = PBXFileReference; lastKnownFileType = wrapper.framework; name = Cocoa.framework; path = Library/Frameworks/Cocoa.framework; sourceTree = DEVELOPER_DIR; };
		E27357B01482D7B700BCE1BB /* AddressbookSyncDemoMac-Info.plist */ = {isa = PBXFileReference; lastKnownFileType = text.plist.xml; path = "AddressbookSyncDemoMac-Info.plist"; sourceTree = "<group>"; };
		E27357B21482D7B700BCE1BB /* en */ = {isa = PBXFileReference; lastKnownFileType = text.plist.strings; name = en; path = en.lproj/InfoPlist.strings; sourceTree = "<group>"; };
		E27357B41482D7B700BCE1BB /* main.m */ = {isa = PBXFileReference; lastKnownFileType = sourcecode.c.objc; path = main.m; sourceTree = "<group>"; };
		E27357B61482D7B700BCE1BB /* AddressbookSyncDemoMac-Prefix.pch */ = {isa = PBXFileReference; lastKnownFileType = sourcecode.c.h; path = "AddressbookSyncDemoMac-Prefix.pch"; sourceTree = "<group>"; };
		E27357B81482D7B700BCE1BB /* en */ = {isa = PBXFileReference; lastKnownFileType = text.rtf; name = en; path = en.lproj/Credits.rtf; sourceTree = "<group>"; };
		E27357BA1482D7B700BCE1BB /* AppDelegate.h */ = {isa = PBXFileReference; lastKnownFileType = sourcecode.c.h; path = AppDelegate.h; sourceTree = "<group>"; };
		E27357BB1482D7B700BCE1BB /* AppDelegate.m */ = {isa = PBXFileReference; lastKnownFileType = sourcecode.c.objc; path = AppDelegate.m; sourceTree = "<group>"; };
		E27357BE1482D7B700BCE1BB /* en */ = {isa = PBXFileReference; lastKnownFileType = file.xib; name = en; path = en.lproj/MainMenu.xib; sourceTree = "<group>"; };
		E27357CA1482DC2500BCE1BB /* AddressBook.framework */ = {isa = PBXFileReference; lastKnownFileType = wrapper.framework; name = AddressBook.framework; path = SDKs/MacOSX10.7.sdk/System/Library/Frameworks/AddressBook.framework; sourceTree = DEVELOPER_DIR; };
		E27357CC1482DC3900BCE1BB /* CoreData.framework */ = {isa = PBXFileReference; lastKnownFileType = wrapper.framework; name = CoreData.framework; path = SDKs/MacOSX10.7.sdk/System/Library/Frameworks/CoreData.framework; sourceTree = DEVELOPER_DIR; };
		E27357D11482DEC100BCE1BB /* Foundation.framework */ = {isa = PBXFileReference; lastKnownFileType = wrapper.framework; name = Foundation.framework; path = SDKs/MacOSX10.7.sdk/System/Library/Frameworks/Foundation.framework; sourceTree = DEVELOPER_DIR; };
		E27357D31482DEC800BCE1BB /* AppKit.framework */ = {isa = PBXFileReference; lastKnownFileType = wrapper.framework; name = AppKit.framework; path = SDKs/MacOSX10.7.sdk/System/Library/Frameworks/AppKit.framework; sourceTree = DEVELOPER_DIR; };
		E27357D61482E05F00BCE1BB /* Global.h */ = {isa = PBXFileReference; fileEncoding = 4; lastKnownFileType = sourcecode.c.h; path = Global.h; sourceTree = "<group>"; };
		E27357D71483713E00BCE1BB /* Contact.h */ = {isa = PBXFileReference; fileEncoding = 4; lastKnownFileType = sourcecode.c.h; path = Contact.h; sourceTree = "<group>"; };
		E27357D81483713E00BCE1BB /* Contact.m */ = {isa = PBXFileReference; fileEncoding = 4; lastKnownFileType = sourcecode.c.objc; path = Contact.m; sourceTree = "<group>"; };
		E27357ED148427AA00BCE1BB /* SelectContact.xib */ = {isa = PBXFileReference; fileEncoding = 4; lastKnownFileType = file.xib; path = SelectContact.xib; sourceTree = "<group>"; };
		E27357F01484285800BCE1BB /* SelectContactSheetController.h */ = {isa = PBXFileReference; fileEncoding = 4; lastKnownFileType = sourcecode.c.h; path = SelectContactSheetController.h; sourceTree = "<group>"; };
		E27357F11484285800BCE1BB /* SelectContactSheetController.m */ = {isa = PBXFileReference; fileEncoding = 4; lastKnownFileType = sourcecode.c.objc; path = SelectContactSheetController.m; sourceTree = "<group>"; };
		E2B3D6D6148AB92B0004F4D1 /* AmbigousContactResolver.xib */ = {isa = PBXFileReference; fileEncoding = 4; lastKnownFileType = file.xib; path = AmbigousContactResolver.xib; sourceTree = "<group>"; };
		E2B3D6DC148C19820004F4D1 /* AmbigousContactResolverViewController.h */ = {isa = PBXFileReference; fileEncoding = 4; lastKnownFileType = sourcecode.c.h; path = AmbigousContactResolverViewController.h; sourceTree = "<group>"; };
		E2B3D6DD148C19820004F4D1 /* AmbigousContactResolverViewController.m */ = {isa = PBXFileReference; fileEncoding = 4; lastKnownFileType = sourcecode.c.objc; path = AmbigousContactResolverViewController.m; sourceTree = "<group>"; };
		E2B3D6E4148F792F0004F4D1 /* TFPerson+CompositeName.h */ = {isa = PBXFileReference; fileEncoding = 4; lastKnownFileType = sourcecode.c.h; path = "TFPerson+CompositeName.h"; sourceTree = "<group>"; };
		E2B3D6E5148F792F0004F4D1 /* TFPerson+CompositeName.m */ = {isa = PBXFileReference; fileEncoding = 4; lastKnownFileType = sourcecode.c.objc; path = "TFPerson+CompositeName.m"; sourceTree = "<group>"; };
		E2B3D6E8148FD9A30004F4D1 /* EmptyNSArrayControllerSelectionValueTransformer.h */ = {isa = PBXFileReference; fileEncoding = 4; lastKnownFileType = sourcecode.c.h; path = EmptyNSArrayControllerSelectionValueTransformer.h; sourceTree = "<group>"; };
		E2B3D6E9148FD9A30004F4D1 /* EmptyNSArrayControllerSelectionValueTransformer.m */ = {isa = PBXFileReference; fileEncoding = 4; lastKnownFileType = sourcecode.c.objc; path = EmptyNSArrayControllerSelectionValueTransformer.m; sourceTree = "<group>"; };
		E2B3D6EC148FF4B60004F4D1 /* CompositeNameValueTransformer.h */ = {isa = PBXFileReference; fileEncoding = 4; lastKnownFileType = sourcecode.c.h; path = CompositeNameValueTransformer.h; sourceTree = "<group>"; };
		E2B3D6ED148FF4B70004F4D1 /* CompositeNameValueTransformer.m */ = {isa = PBXFileReference; fileEncoding = 4; lastKnownFileType = sourcecode.c.objc; path = CompositeNameValueTransformer.m; sourceTree = "<group>"; };
		E2B3D6EF148FFE1D0004F4D1 /* UnresolvedContactResolver.xib */ = {isa = PBXFileReference; fileEncoding = 4; lastKnownFileType = file.xib; path = UnresolvedContactResolver.xib; sourceTree = "<group>"; };
		E2B3D6F1148FFED00004F4D1 /* UnresolvedContactResolverViewController.h */ = {isa = PBXFileReference; fileEncoding = 4; lastKnownFileType = sourcecode.c.h; path = UnresolvedContactResolverViewController.h; sourceTree = "<group>"; };
		E2B3D6F2148FFED00004F4D1 /* UnresolvedContactResolverViewController.m */ = {isa = PBXFileReference; fileEncoding = 4; lastKnownFileType = sourcecode.c.objc; path = UnresolvedContactResolverViewController.m; sourceTree = "<group>"; };
		E2B3D6F4149008540004F4D1 /* ContactArrayController.h */ = {isa = PBXFileReference; fileEncoding = 4; lastKnownFileType = sourcecode.c.h; path = ContactArrayController.h; sourceTree = "<group>"; };
		E2B3D6F5149008540004F4D1 /* ContactArrayController.m */ = {isa = PBXFileReference; fileEncoding = 4; lastKnownFileType = sourcecode.c.objc; path = ContactArrayController.m; sourceTree = "<group>"; };
		E2BB1DDB147D3CCC002263D0 /* AddressbookSyncDemo.app */ = {isa = PBXFileReference; explicitFileType = wrapper.application; includeInIndex = 0; path = AddressbookSyncDemo.app; sourceTree = BUILT_PRODUCTS_DIR; };
		E2BB1DDF147D3CCC002263D0 /* UIKit.framework */ = {isa = PBXFileReference; lastKnownFileType = wrapper.framework; name = UIKit.framework; path = System/Library/Frameworks/UIKit.framework; sourceTree = SDKROOT; };
		E2BB1DE1147D3CCC002263D0 /* Foundation.framework */ = {isa = PBXFileReference; lastKnownFileType = wrapper.framework; name = Foundation.framework; path = System/Library/Frameworks/Foundation.framework; sourceTree = SDKROOT; };
		E2BB1DE3147D3CCC002263D0 /* CoreGraphics.framework */ = {isa = PBXFileReference; lastKnownFileType = wrapper.framework; name = CoreGraphics.framework; path = System/Library/Frameworks/CoreGraphics.framework; sourceTree = SDKROOT; };
		E2BB1DE5147D3CCC002263D0 /* CoreData.framework */ = {isa = PBXFileReference; lastKnownFileType = wrapper.framework; name = CoreData.framework; path = System/Library/Frameworks/CoreData.framework; sourceTree = SDKROOT; };
		E2BB1DE9147D3CCC002263D0 /* AddressbookSyncDemo-Info.plist */ = {isa = PBXFileReference; lastKnownFileType = text.plist.xml; path = "AddressbookSyncDemo-Info.plist"; sourceTree = "<group>"; };
		E2BB1DEB147D3CCC002263D0 /* en */ = {isa = PBXFileReference; lastKnownFileType = text.plist.strings; name = en; path = en.lproj/InfoPlist.strings; sourceTree = "<group>"; };
		E2BB1DED147D3CCC002263D0 /* main.m */ = {isa = PBXFileReference; lastKnownFileType = sourcecode.c.objc; path = main.m; sourceTree = "<group>"; };
		E2BB1DEF147D3CCC002263D0 /* AddressbookSyncDemo-Prefix.pch */ = {isa = PBXFileReference; lastKnownFileType = sourcecode.c.h; path = "AddressbookSyncDemo-Prefix.pch"; sourceTree = "<group>"; };
		E2BB1DF0147D3CCC002263D0 /* AppDelegate.h */ = {isa = PBXFileReference; lastKnownFileType = sourcecode.c.h; path = AppDelegate.h; sourceTree = "<group>"; };
		E2BB1DF1147D3CCC002263D0 /* AppDelegate.m */ = {isa = PBXFileReference; lastKnownFileType = sourcecode.c.objc; path = AppDelegate.m; sourceTree = "<group>"; };
		E2BB1DF4147D3CCC002263D0 /* en */ = {isa = PBXFileReference; lastKnownFileType = file.storyboard; name = en; path = en.lproj/MainStoryboard_iPhone.storyboard; sourceTree = "<group>"; };
		E2BB1DF7147D3CCC002263D0 /* en */ = {isa = PBXFileReference; lastKnownFileType = file.storyboard; name = en; path = en.lproj/MainStoryboard_iPad.storyboard; sourceTree = "<group>"; };
		E2BB1DFA147D3CCC002263D0 /* AddressbookSyncDemo.xcdatamodel */ = {isa = PBXFileReference; lastKnownFileType = wrapper.xcdatamodel; path = AddressbookSyncDemo.xcdatamodel; sourceTree = "<group>"; };
		E2BB1DFC147D3CCC002263D0 /* MasterViewController.h */ = {isa = PBXFileReference; lastKnownFileType = sourcecode.c.h; path = MasterViewController.h; sourceTree = "<group>"; };
		E2BB1DFD147D3CCC002263D0 /* MasterViewController.m */ = {isa = PBXFileReference; lastKnownFileType = sourcecode.c.objc; path = MasterViewController.m; sourceTree = "<group>"; };
		E2BB1DFF147D3CCC002263D0 /* DetailViewController.h */ = {isa = PBXFileReference; lastKnownFileType = sourcecode.c.h; path = DetailViewController.h; sourceTree = "<group>"; };
		E2BB1E00147D3CCC002263D0 /* DetailViewController.m */ = {isa = PBXFileReference; lastKnownFileType = sourcecode.c.objc; path = DetailViewController.m; sourceTree = "<group>"; };
		E2BB1E07147D3DAE002263D0 /* AddressBook.framework */ = {isa = PBXFileReference; lastKnownFileType = wrapper.framework; name = AddressBook.framework; path = System/Library/Frameworks/AddressBook.framework; sourceTree = SDKROOT; };
		E2BB1E09147D3DB1002263D0 /* AddressBookUI.framework */ = {isa = PBXFileReference; lastKnownFileType = wrapper.framework; name = AddressBookUI.framework; path = System/Library/Frameworks/AddressBookUI.framework; sourceTree = SDKROOT; };
		E2BB1E0E147D447E002263D0 /* NSManagedObjectContext+SearchExtensions.h */ = {isa = PBXFileReference; fileEncoding = 4; lastKnownFileType = sourcecode.c.h; name = "NSManagedObjectContext+SearchExtensions.h"; path = "AddressbookSyncDemo/NSManagedObjectContext+SearchExtensions.h"; sourceTree = "<group>"; };
		E2BB1E0F147D447F002263D0 /* NSManagedObjectContext+SearchExtensions.m */ = {isa = PBXFileReference; fileEncoding = 4; lastKnownFileType = sourcecode.c.objc; name = "NSManagedObjectContext+SearchExtensions.m"; path = "AddressbookSyncDemo/NSManagedObjectContext+SearchExtensions.m"; sourceTree = "<group>"; };
		E2BB1E10147D447F002263D0 /* NSObject+BlockExtensions.h */ = {isa = PBXFileReference; fileEncoding = 4; lastKnownFileType = sourcecode.c.h; name = "NSObject+BlockExtensions.h"; path = "AddressbookSyncDemo/NSObject+BlockExtensions.h"; sourceTree = "<group>"; };
		E2BB1E11147D4480002263D0 /* NSObject+BlockExtensions.m */ = {isa = PBXFileReference; fileEncoding = 4; lastKnownFileType = sourcecode.c.objc; name = "NSObject+BlockExtensions.m"; path = "AddressbookSyncDemo/NSObject+BlockExtensions.m"; sourceTree = "<group>"; };
		E2BB1E18147D58A7002263D0 /* AddressbookSyncDemo.entitlements */ = {isa = PBXFileReference; lastKnownFileType = text.xml; path = AddressbookSyncDemo.entitlements; sourceTree = "<group>"; };
		E2BB1E19147D7E52002263D0 /* ShowContactDetails.h */ = {isa = PBXFileReference; fileEncoding = 4; lastKnownFileType = sourcecode.c.h; path = ShowContactDetails.h; sourceTree = "<group>"; };
		E2BB1E1A147D7E53002263D0 /* ShowContactDetails.m */ = {isa = PBXFileReference; fileEncoding = 4; lastKnownFileType = sourcecode.c.objc; path = ShowContactDetails.m; sourceTree = "<group>"; };
		E2BB1E1C147D88E6002263D0 /* ContactSyncHandler.h */ = {isa = PBXFileReference; fileEncoding = 4; lastKnownFileType = sourcecode.c.h; path = ContactSyncHandler.h; sourceTree = "<group>"; };
		E2BB1E1D147D88E8002263D0 /* ContactSyncHandler.m */ = {isa = PBXFileReference; fileEncoding = 4; lastKnownFileType = sourcecode.c.objc; path = ContactSyncHandler.m; sourceTree = "<group>"; };
		E2CD2486147F802100550386 /* UIAlertView+BlockExtensions.h */ = {isa = PBXFileReference; fileEncoding = 4; lastKnownFileType = sourcecode.c.h; path = "UIAlertView+BlockExtensions.h"; sourceTree = "<group>"; };
		E2CD2487147F802100550386 /* UIAlertView+BlockExtensions.m */ = {isa = PBXFileReference; fileEncoding = 4; lastKnownFileType = sourcecode.c.objc; path = "UIAlertView+BlockExtensions.m"; sourceTree = "<group>"; };
		E2CD24A91484C5EA00550386 /* _ContactMultiProperty.h */ = {isa = PBXFileReference; fileEncoding = 4; lastKnownFileType = sourcecode.c.h; path = _ContactMultiProperty.h; sourceTree = "<group>"; };
		E2CD24AA1484C5EA00550386 /* _ContactMultiProperty.m */ = {isa = PBXFileReference; fileEncoding = 4; lastKnownFileType = sourcecode.c.objc; path = _ContactMultiProperty.m; sourceTree = "<group>"; };
		E2CD24AE1484C72F00550386 /* PhoneNumber.h */ = {isa = PBXFileReference; fileEncoding = 4; lastKnownFileType = sourcecode.c.h; path = PhoneNumber.h; sourceTree = "<group>"; };
		E2CD24AF1484C72F00550386 /* PhoneNumber.m */ = {isa = PBXFileReference; fileEncoding = 4; lastKnownFileType = sourcecode.c.objc; path = PhoneNumber.m; sourceTree = "<group>"; };
		E2CF37AE1490F1000084421A /* EmailAddress.h */ = {isa = PBXFileReference; fileEncoding = 4; lastKnownFileType = sourcecode.c.h; path = EmailAddress.h; sourceTree = "<group>"; };
		E2CF37AF1490F1010084421A /* EmailAddress.m */ = {isa = PBXFileReference; fileEncoding = 4; lastKnownFileType = sourcecode.c.objc; path = EmailAddress.m; sourceTree = "<group>"; };
		E2CF37B21491F4560084421A /* Website.h */ = {isa = PBXFileReference; fileEncoding = 4; lastKnownFileType = sourcecode.c.h; path = Website.h; sourceTree = "<group>"; };
		E2CF37B31491F4580084421A /* Website.m */ = {isa = PBXFileReference; fileEncoding = 4; lastKnownFileType = sourcecode.c.objc; path = Website.m; sourceTree = "<group>"; };
		E2CF37B51491F7000084421A /* Address.h */ = {isa = PBXFileReference; fileEncoding = 4; lastKnownFileType = sourcecode.c.h; path = Address.h; sourceTree = "<group>"; };
		E2CF37B61491F7010084421A /* Address.m */ = {isa = PBXFileReference; fileEncoding = 4; lastKnownFileType = sourcecode.c.objc; path = Address.m; sourceTree = "<group>"; };
/* End PBXFileReference section */

/* Begin PBXFrameworksBuildPhase section */
		E27357A31482D7B600BCE1BB /* Frameworks */ = {
			isa = PBXFrameworksBuildPhase;
			buildActionMask = 2147483647;
			files = (
				E27357D41482DEC800BCE1BB /* AppKit.framework in Frameworks */,
				E27357D21482DEC100BCE1BB /* Foundation.framework in Frameworks */,
				E27357CD1482DC3A00BCE1BB /* CoreData.framework in Frameworks */,
				E27357CB1482DC2500BCE1BB /* AddressBook.framework in Frameworks */,
				E27357A91482D7B600BCE1BB /* Cocoa.framework in Frameworks */,
			);
			runOnlyForDeploymentPostprocessing = 0;
		};
		E2BB1DD8147D3CCC002263D0 /* Frameworks */ = {
			isa = PBXFrameworksBuildPhase;
			buildActionMask = 2147483647;
			files = (
				E2BB1E0A147D3DB1002263D0 /* AddressBookUI.framework in Frameworks */,
				E2BB1E08147D3DAE002263D0 /* AddressBook.framework in Frameworks */,
				E2BB1DE0147D3CCC002263D0 /* UIKit.framework in Frameworks */,
				E2BB1DE2147D3CCC002263D0 /* Foundation.framework in Frameworks */,
				E2BB1DE4147D3CCC002263D0 /* CoreGraphics.framework in Frameworks */,
				E2BB1DE6147D3CCC002263D0 /* CoreData.framework in Frameworks */,
			);
			runOnlyForDeploymentPostprocessing = 0;
		};
/* End PBXFrameworksBuildPhase section */

/* Begin PBXGroup section */
		E23A73941487E17A001AE253 /* TFAddressBook */ = {
			isa = PBXGroup;
			children = (
				E23A73961487E1B0001AE253 /* iOS */,
				E23A73A91487E1B0001AE253 /* Mac */,
				E23A73BA1487E1B0001AE253 /* TFABAddressBook.h */,
				E2B3D6E4148F792F0004F4D1 /* TFPerson+CompositeName.h */,
				E2B3D6E5148F792F0004F4D1 /* TFPerson+CompositeName.m */,
			);
			name = TFAddressBook;
			sourceTree = "<group>";
		};
		E23A73961487E1B0001AE253 /* iOS */ = {
			isa = PBXGroup;
			children = (
				E23A739C1487E1B0001AE253 /* TFGlobals.h */,
				E23A73971487E1B0001AE253 /* TFAddressBook-Prefix.pch */,
				E23A73981487E1B0001AE253 /* TFAddressBook.h */,
				E23A73991487E1B0001AE253 /* TFAddressBook.m */,
				E23A739A1487E1B0001AE253 /* TFBasicSearchElement.h */,
				E23A739B1487E1B0001AE253 /* TFBasicSearchElement.m */,
				E23A739D1487E1B0001AE253 /* TFGroup.h */,
				E23A739E1487E1B0001AE253 /* TFGroup.m */,
				E23A739F1487E1B0001AE253 /* TFMultiValue.h */,
				E23A73A01487E1B0001AE253 /* TFMultiValue.m */,
				E23A73A11487E1B0001AE253 /* TFMutableMultiValue.h */,
				E23A73A21487E1B0001AE253 /* TFMutableMultiValue.m */,
				E23A73A31487E1B0001AE253 /* TFPerson.h */,
				E23A73A41487E1B0001AE253 /* TFPerson.m */,
				E23A73A51487E1B0001AE253 /* TFRecord.h */,
				E23A73A61487E1B0001AE253 /* TFRecord.m */,
				E23A73A71487E1B0001AE253 /* TFSearchElement.h */,
				E23A73A81487E1B0001AE253 /* TFSearchElement.m */,
			);
			name = iOS;
			path = ../TFAddressBook/iOS;
			sourceTree = "<group>";
		};
		E23A73A91487E1B0001AE253 /* Mac */ = {
			isa = PBXGroup;
			children = (
				E23A73AD1487E1B0001AE253 /* TFGlobals.h */,
			);
			name = Mac;
			path = ../TFAddressBook/Mac;
			sourceTree = "<group>";
		};
		E27357AE1482D7B700BCE1BB /* AddressbookSyncDemoMac */ = {
			isa = PBXGroup;
			children = (
				E2B3D6F4149008540004F4D1 /* ContactArrayController.h */,
				E2B3D6F5149008540004F4D1 /* ContactArrayController.m */,
				E27357BA1482D7B700BCE1BB /* AppDelegate.h */,
				E27357BB1482D7B700BCE1BB /* AppDelegate.m */,
				E27357BD1482D7B700BCE1BB /* MainMenu.xib */,
				E27357ED148427AA00BCE1BB /* SelectContact.xib */,
				E27357F01484285800BCE1BB /* SelectContactSheetController.h */,
				E27357F11484285800BCE1BB /* SelectContactSheetController.m */,
				E2B3D6D6148AB92B0004F4D1 /* AmbigousContactResolver.xib */,
				E2B3D6DC148C19820004F4D1 /* AmbigousContactResolverViewController.h */,
				E2B3D6DD148C19820004F4D1 /* AmbigousContactResolverViewController.m */,
				E2B3D6EF148FFE1D0004F4D1 /* UnresolvedContactResolver.xib */,
				E2B3D6F1148FFED00004F4D1 /* UnresolvedContactResolverViewController.h */,
				E2B3D6F2148FFED00004F4D1 /* UnresolvedContactResolverViewController.m */,
				E2B3D6E8148FD9A30004F4D1 /* EmptyNSArrayControllerSelectionValueTransformer.h */,
				E2B3D6E9148FD9A30004F4D1 /* EmptyNSArrayControllerSelectionValueTransformer.m */,
				E2B3D6EC148FF4B60004F4D1 /* CompositeNameValueTransformer.h */,
				E2B3D6ED148FF4B70004F4D1 /* CompositeNameValueTransformer.m */,
			);
			path = AddressbookSyncDemoMac;
			sourceTree = "<group>";
		};
		E27357AF1482D7B700BCE1BB /* Supporting Files */ = {
			isa = PBXGroup;
			children = (
				E27357B01482D7B700BCE1BB /* AddressbookSyncDemoMac-Info.plist */,
				E27357B11482D7B700BCE1BB /* InfoPlist.strings */,
				E27357B41482D7B700BCE1BB /* main.m */,
				E27357B61482D7B700BCE1BB /* AddressbookSyncDemoMac-Prefix.pch */,
				E27357B71482D7B700BCE1BB /* Credits.rtf */,
			);
			name = "Supporting Files";
			path = AddressbookSyncDemoMac;
			sourceTree = "<group>";
		};
		E27357C71482D86B00BCE1BB /* Generic */ = {
			isa = PBXGroup;
			children = (
				E2BB1E0E147D447E002263D0 /* NSManagedObjectContext+SearchExtensions.h */,
				E2BB1E0F147D447F002263D0 /* NSManagedObjectContext+SearchExtensions.m */,
				E2BB1E10147D447F002263D0 /* NSObject+BlockExtensions.h */,
				E2BB1E11147D4480002263D0 /* NSObject+BlockExtensions.m */,
				E2BB1DF9147D3CCC002263D0 /* AddressbookSyncDemo.xcdatamodeld */,
				E27357D61482E05F00BCE1BB /* Global.h */,
				E27357D71483713E00BCE1BB /* Contact.h */,
				E27357D81483713E00BCE1BB /* Contact.m */,
				E2CD24A91484C5EA00550386 /* _ContactMultiProperty.h */,
				E2CD24AA1484C5EA00550386 /* _ContactMultiProperty.m */,
			);
			name = Generic;
			sourceTree = "<group>";
		};
		E27357CE1482DD1900BCE1BB /* iOS */ = {
			isa = PBXGroup;
			children = (
				E2BB1DE7147D3CCC002263D0 /* AddressbookSyncDemo */,
				E2BB1DE8147D3CCC002263D0 /* Supporting Files */,
				E2BB1DDE147D3CCC002263D0 /* Frameworks */,
			);
			name = iOS;
			sourceTree = "<group>";
		};
		E27357CF1482DD7E00BCE1BB /* Mac */ = {
			isa = PBXGroup;
			children = (
				E27357AE1482D7B700BCE1BB /* AddressbookSyncDemoMac */,
				E27357AF1482D7B700BCE1BB /* Supporting Files */,
				E27357D01482DDE900BCE1BB /* Frameworks */,
			);
			name = Mac;
			sourceTree = "<group>";
		};
		E27357D01482DDE900BCE1BB /* Frameworks */ = {
			isa = PBXGroup;
			children = (
				E27357D31482DEC800BCE1BB /* AppKit.framework */,
				E27357D11482DEC100BCE1BB /* Foundation.framework */,
				E27357A81482D7B600BCE1BB /* Cocoa.framework */,
				E27357CA1482DC2500BCE1BB /* AddressBook.framework */,
				E27357CC1482DC3900BCE1BB /* CoreData.framework */,
			);
			name = Frameworks;
			path = AddressbookSyncDemoMac;
			sourceTree = "<group>";
		};
		E2BB1DD0147D3CCC002263D0 = {
			isa = PBXGroup;
			children = (
				E23A73941487E17A001AE253 /* TFAddressBook */,
				E27357C71482D86B00BCE1BB /* Generic */,
				E27357CF1482DD7E00BCE1BB /* Mac */,
				E27357CE1482DD1900BCE1BB /* iOS */,
				E2BB1DDC147D3CCC002263D0 /* Products */,
			);
			sourceTree = "<group>";
		};
		E2BB1DDC147D3CCC002263D0 /* Products */ = {
			isa = PBXGroup;
			children = (
				E2BB1DDB147D3CCC002263D0 /* AddressbookSyncDemo.app */,
				E27357A61482D7B600BCE1BB /* AddressbookSyncDemoMac.app */,
			);
			name = Products;
			sourceTree = "<group>";
		};
		E2BB1DDE147D3CCC002263D0 /* Frameworks */ = {
			isa = PBXGroup;
			children = (
				E2BB1E09147D3DB1002263D0 /* AddressBookUI.framework */,
				E2BB1E07147D3DAE002263D0 /* AddressBook.framework */,
				E2BB1DDF147D3CCC002263D0 /* UIKit.framework */,
				E2BB1DE1147D3CCC002263D0 /* Foundation.framework */,
				E2BB1DE3147D3CCC002263D0 /* CoreGraphics.framework */,
				E2BB1DE5147D3CCC002263D0 /* CoreData.framework */,
			);
			name = Frameworks;
			sourceTree = "<group>";
		};
		E2BB1DE7147D3CCC002263D0 /* AddressbookSyncDemo */ = {
			isa = PBXGroup;
			children = (
				E2BB1DF3147D3CCC002263D0 /* MainStoryboard_iPhone.storyboard */,
				E2BB1DF6147D3CCC002263D0 /* MainStoryboard_iPad.storyboard */,
				E2CD2486147F802100550386 /* UIAlertView+BlockExtensions.h */,
				E2CD2487147F802100550386 /* UIAlertView+BlockExtensions.m */,
				E2BB1DF0147D3CCC002263D0 /* AppDelegate.h */,
				E2BB1DF1147D3CCC002263D0 /* AppDelegate.m */,
				E2BB1DFC147D3CCC002263D0 /* MasterViewController.h */,
				E2BB1DFD147D3CCC002263D0 /* MasterViewController.m */,
				E2BB1DFF147D3CCC002263D0 /* DetailViewController.h */,
				E2BB1E00147D3CCC002263D0 /* DetailViewController.m */,
				E2BB1E19147D7E52002263D0 /* ShowContactDetails.h */,
				E2BB1E1A147D7E53002263D0 /* ShowContactDetails.m */,
				E2BB1E1C147D88E6002263D0 /* ContactSyncHandler.h */,
				E2BB1E1D147D88E8002263D0 /* ContactSyncHandler.m */,
				E22A5A8414810C8C00485A50 /* AmbigousContactConflictResolverViewController.h */,
				E22A5A8514810C8C00485A50 /* AmbigousContactConflictResolverViewController.m */,
				E273579F14817E7E00BCE1BB /* UnmatchedContactConflictResolverViewController.h */,
				E27357A014817E7E00BCE1BB /* UnmatchedContactConflictResolverViewController.m */,
				E2CD24AE1484C72F00550386 /* PhoneNumber.h */,
				E2CD24AF1484C72F00550386 /* PhoneNumber.m */,
				E2CF37AE1490F1000084421A /* EmailAddress.h */,
				E2CF37AF1490F1010084421A /* EmailAddress.m */,
				E2CF37B21491F4560084421A /* Website.h */,
				E2CF37B31491F4580084421A /* Website.m */,
				E2CF37B51491F7000084421A /* Address.h */,
				E2CF37B61491F7010084421A /* Address.m */,
			);
			path = AddressbookSyncDemo;
			sourceTree = "<group>";
		};
		E2BB1DE8147D3CCC002263D0 /* Supporting Files */ = {
			isa = PBXGroup;
			children = (
				E2BB1E18147D58A7002263D0 /* AddressbookSyncDemo.entitlements */,
				E2BB1DE9147D3CCC002263D0 /* AddressbookSyncDemo-Info.plist */,
				E2BB1DEA147D3CCC002263D0 /* InfoPlist.strings */,
				E2BB1DED147D3CCC002263D0 /* main.m */,
				E2BB1DEF147D3CCC002263D0 /* AddressbookSyncDemo-Prefix.pch */,
			);
			name = "Supporting Files";
			path = AddressbookSyncDemo;
			sourceTree = "<group>";
		};
/* End PBXGroup section */

/* Begin PBXNativeTarget section */
		E27357A51482D7B600BCE1BB /* AddressbookSyncDemoMac */ = {
			isa = PBXNativeTarget;
			buildConfigurationList = E27357C31482D7B700BCE1BB /* Build configuration list for PBXNativeTarget "AddressbookSyncDemoMac" */;
			buildPhases = (
				E27357A21482D7B600BCE1BB /* Sources */,
				E27357A31482D7B600BCE1BB /* Frameworks */,
				E27357A41482D7B600BCE1BB /* Resources */,
			);
			buildRules = (
			);
			dependencies = (
			);
			name = AddressbookSyncDemoMac;
			productName = AddressbookSyncDemoMac;
			productReference = E27357A61482D7B600BCE1BB /* AddressbookSyncDemoMac.app */;
			productType = "com.apple.product-type.application";
		};
		E2BB1DDA147D3CCC002263D0 /* AddressbookSyncDemo */ = {
			isa = PBXNativeTarget;
			buildConfigurationList = E2BB1E04147D3CCC002263D0 /* Build configuration list for PBXNativeTarget "AddressbookSyncDemo" */;
			buildPhases = (
				E2BB1DD7147D3CCC002263D0 /* Sources */,
				E2BB1DD8147D3CCC002263D0 /* Frameworks */,
				E2BB1DD9147D3CCC002263D0 /* Resources */,
			);
			buildRules = (
			);
			dependencies = (
			);
			name = AddressbookSyncDemo;
			productName = AddressbookSyncDemo;
			productReference = E2BB1DDB147D3CCC002263D0 /* AddressbookSyncDemo.app */;
			productType = "com.apple.product-type.application";
		};
/* End PBXNativeTarget section */

/* Begin PBXProject section */
		E2BB1DD2147D3CCC002263D0 /* Project object */ = {
			isa = PBXProject;
			attributes = {
				LastUpgradeCheck = 0420;
			};
			buildConfigurationList = E2BB1DD5147D3CCC002263D0 /* Build configuration list for PBXProject "AddressbookSyncDemo" */;
			compatibilityVersion = "Xcode 3.2";
			developmentRegion = English;
			hasScannedForEncodings = 0;
			knownRegions = (
				en,
			);
			mainGroup = E2BB1DD0147D3CCC002263D0;
			productRefGroup = E2BB1DDC147D3CCC002263D0 /* Products */;
			projectDirPath = "";
			projectRoot = "";
			targets = (
				E2BB1DDA147D3CCC002263D0 /* AddressbookSyncDemo */,
				E27357A51482D7B600BCE1BB /* AddressbookSyncDemoMac */,
			);
		};
/* End PBXProject section */

/* Begin PBXResourcesBuildPhase section */
		E27357A41482D7B600BCE1BB /* Resources */ = {
			isa = PBXResourcesBuildPhase;
			buildActionMask = 2147483647;
			files = (
				E27357B31482D7B700BCE1BB /* InfoPlist.strings in Resources */,
				E27357B91482D7B700BCE1BB /* Credits.rtf in Resources */,
				E27357BF1482D7B700BCE1BB /* MainMenu.xib in Resources */,
				E27357EE148427AA00BCE1BB /* SelectContact.xib in Resources */,
				E2B3D6D7148AB92B0004F4D1 /* AmbigousContactResolver.xib in Resources */,
				E2B3D6F0148FFE1D0004F4D1 /* UnresolvedContactResolver.xib in Resources */,
			);
			runOnlyForDeploymentPostprocessing = 0;
		};
		E2BB1DD9147D3CCC002263D0 /* Resources */ = {
			isa = PBXResourcesBuildPhase;
			buildActionMask = 2147483647;
			files = (
				E2BB1DEC147D3CCC002263D0 /* InfoPlist.strings in Resources */,
				E2BB1DF5147D3CCC002263D0 /* MainStoryboard_iPhone.storyboard in Resources */,
				E2BB1DF8147D3CCC002263D0 /* MainStoryboard_iPad.storyboard in Resources */,
			);
			runOnlyForDeploymentPostprocessing = 0;
		};
/* End PBXResourcesBuildPhase section */

/* Begin PBXSourcesBuildPhase section */
		E27357A21482D7B600BCE1BB /* Sources */ = {
			isa = PBXSourcesBuildPhase;
			buildActionMask = 2147483647;
			files = (
				E27357B51482D7B700BCE1BB /* main.m in Sources */,
				E27357BC1482D7B700BCE1BB /* AppDelegate.m in Sources */,
				E27357C61482D84F00BCE1BB /* AddressbookSyncDemo.xcdatamodeld in Sources */,
				E27357C81482D8BD00BCE1BB /* NSObject+BlockExtensions.m in Sources */,
				E27357C91482D8C400BCE1BB /* NSManagedObjectContext+SearchExtensions.m in Sources */,
				E27357DA1483713E00BCE1BB /* Contact.m in Sources */,
				E27357F21484285800BCE1BB /* SelectContactSheetController.m in Sources */,
				E2CD24AC1484C5EA00550386 /* _ContactMultiProperty.m in Sources */,
				E2B3D6DF148C19820004F4D1 /* AmbigousContactResolverViewController.m in Sources */,
				E2B3D6E7148F792F0004F4D1 /* TFPerson+CompositeName.m in Sources */,
				E2B3D6EB148FD9A40004F4D1 /* EmptyNSArrayControllerSelectionValueTransformer.m in Sources */,
				E2B3D6EE148FF4B70004F4D1 /* CompositeNameValueTransformer.m in Sources */,
				E2B3D6F3148FFED10004F4D1 /* UnresolvedContactResolverViewController.m in Sources */,
				E2B3D6F6149008550004F4D1 /* ContactArrayController.m in Sources */,
				E2CF37B81492011E0084421A /* PhoneNumber.m in Sources */,
				E2CF37B91492012A0084421A /* EmailAddress.m in Sources */,
				E2CF37BA149201300084421A /* Website.m in Sources */,
				E2CF37BB149201360084421A /* Address.m in Sources */,
			);
			runOnlyForDeploymentPostprocessing = 0;
		};
		E2BB1DD7147D3CCC002263D0 /* Sources */ = {
			isa = PBXSourcesBuildPhase;
			buildActionMask = 2147483647;
			files = (
				E2BB1DEE147D3CCC002263D0 /* main.m in Sources */,
				E2BB1DF2147D3CCC002263D0 /* AppDelegate.m in Sources */,
				E2BB1DFB147D3CCC002263D0 /* AddressbookSyncDemo.xcdatamodeld in Sources */,
				E2BB1DFE147D3CCC002263D0 /* MasterViewController.m in Sources */,
				E2BB1E01147D3CCC002263D0 /* DetailViewController.m in Sources */,
				E2BB1E12147D4482002263D0 /* NSManagedObjectContext+SearchExtensions.m in Sources */,
				E2BB1E13147D4482002263D0 /* NSObject+BlockExtensions.m in Sources */,
				E2BB1E1B147D7E59002263D0 /* ShowContactDetails.m in Sources */,
				E2BB1E1E147D88E9002263D0 /* ContactSyncHandler.m in Sources */,
				E2CD2488147F802100550386 /* UIAlertView+BlockExtensions.m in Sources */,
				E22A5A8614810C8C00485A50 /* AmbigousContactConflictResolverViewController.m in Sources */,
				E27357A114817E7E00BCE1BB /* UnmatchedContactConflictResolverViewController.m in Sources */,
				E27357D91483713E00BCE1BB /* Contact.m in Sources */,
				E2CD24AB1484C5EA00550386 /* _ContactMultiProperty.m in Sources */,
				E2CD24B01484C72F00550386 /* PhoneNumber.m in Sources */,
				E23A73BB1487E1B0001AE253 /* TFAddressBook.m in Sources */,
				E23A73BD1487E1B0001AE253 /* TFBasicSearchElement.m in Sources */,
				E23A73BF1487E1B0001AE253 /* TFGroup.m in Sources */,
				E23A73C11487E1B0001AE253 /* TFMultiValue.m in Sources */,
				E23A73C31487E1B0001AE253 /* TFMutableMultiValue.m in Sources */,
				E23A73C51487E1B0001AE253 /* TFPerson.m in Sources */,
				E23A73C71487E1B0001AE253 /* TFRecord.m in Sources */,
				E23A73C91487E1B0001AE253 /* TFSearchElement.m in Sources */,
				E2B3D6E6148F792F0004F4D1 /* TFPerson+CompositeName.m in Sources */,
				E2CF37B01490F1020084421A /* EmailAddress.m in Sources */,
				E2CF37B41491F45A0084421A /* Website.m in Sources */,
				E2CF37B71491F7040084421A /* Address.m in Sources */,
			);
			runOnlyForDeploymentPostprocessing = 0;
		};
/* End PBXSourcesBuildPhase section */

/* Begin PBXVariantGroup section */
		E27357B11482D7B700BCE1BB /* InfoPlist.strings */ = {
			isa = PBXVariantGroup;
			children = (
				E27357B21482D7B700BCE1BB /* en */,
			);
			name = InfoPlist.strings;
			sourceTree = "<group>";
		};
		E27357B71482D7B700BCE1BB /* Credits.rtf */ = {
			isa = PBXVariantGroup;
			children = (
				E27357B81482D7B700BCE1BB /* en */,
			);
			name = Credits.rtf;
			sourceTree = "<group>";
		};
		E27357BD1482D7B700BCE1BB /* MainMenu.xib */ = {
			isa = PBXVariantGroup;
			children = (
				E27357BE1482D7B700BCE1BB /* en */,
			);
			name = MainMenu.xib;
			sourceTree = "<group>";
		};
		E2BB1DEA147D3CCC002263D0 /* InfoPlist.strings */ = {
			isa = PBXVariantGroup;
			children = (
				E2BB1DEB147D3CCC002263D0 /* en */,
			);
			name = InfoPlist.strings;
			sourceTree = "<group>";
		};
		E2BB1DF3147D3CCC002263D0 /* MainStoryboard_iPhone.storyboard */ = {
			isa = PBXVariantGroup;
			children = (
				E2BB1DF4147D3CCC002263D0 /* en */,
			);
			name = MainStoryboard_iPhone.storyboard;
			sourceTree = "<group>";
		};
		E2BB1DF6147D3CCC002263D0 /* MainStoryboard_iPad.storyboard */ = {
			isa = PBXVariantGroup;
			children = (
				E2BB1DF7147D3CCC002263D0 /* en */,
			);
			name = MainStoryboard_iPad.storyboard;
			sourceTree = "<group>";
		};
/* End PBXVariantGroup section */

/* Begin XCBuildConfiguration section */
		E27357C41482D7B700BCE1BB /* Debug */ = {
			isa = XCBuildConfiguration;
			buildSettings = {
				ARCHS = "$(ARCHS_STANDARD_64_BIT)";
				CLANG_ENABLE_OBJC_ARC = YES;
				FRAMEWORK_SEARCH_PATHS = (
					"$(inherited)",
					"\"$(DEVELOPER_FRAMEWORKS_DIR)\"",
				);
				GCC_ENABLE_OBJC_EXCEPTIONS = YES;
				GCC_PRECOMPILE_PREFIX_HEADER = YES;
				GCC_PREFIX_HEADER = "AddressbookSyncDemoMac/AddressbookSyncDemoMac-Prefix.pch";
				GCC_WARN_64_TO_32_BIT_CONVERSION = YES;
				INFOPLIST_FILE = "AddressbookSyncDemoMac/AddressbookSyncDemoMac-Info.plist";
				MACOSX_DEPLOYMENT_TARGET = 10.7;
				ONLY_ACTIVE_ARCH = YES;
				PRODUCT_NAME = "$(TARGET_NAME)";
				SDKROOT = macosx;
				WRAPPER_EXTENSION = app;
			};
			name = Debug;
		};
		E27357C51482D7B700BCE1BB /* Release */ = {
			isa = XCBuildConfiguration;
			buildSettings = {
				ARCHS = "$(ARCHS_STANDARD_64_BIT)";
				CLANG_ENABLE_OBJC_ARC = YES;
				DEBUG_INFORMATION_FORMAT = "dwarf-with-dsym";
				FRAMEWORK_SEARCH_PATHS = (
					"$(inherited)",
					"\"$(DEVELOPER_FRAMEWORKS_DIR)\"",
				);
				GCC_ENABLE_OBJC_EXCEPTIONS = YES;
				GCC_PRECOMPILE_PREFIX_HEADER = YES;
				GCC_PREFIX_HEADER = "AddressbookSyncDemoMac/AddressbookSyncDemoMac-Prefix.pch";
				GCC_WARN_64_TO_32_BIT_CONVERSION = YES;
				INFOPLIST_FILE = "AddressbookSyncDemoMac/AddressbookSyncDemoMac-Info.plist";
				MACOSX_DEPLOYMENT_TARGET = 10.7;
				PRODUCT_NAME = "$(TARGET_NAME)";
				SDKROOT = macosx;
				WRAPPER_EXTENSION = app;
			};
			name = Release;
		};
		E2BB1E02147D3CCC002263D0 /* Debug */ = {
			isa = XCBuildConfiguration;
			buildSettings = {
				ALWAYS_SEARCH_USER_PATHS = NO;
				ARCHS = "$(ARCHS_STANDARD_32_BIT)";
				CLANG_ENABLE_OBJC_ARC = YES;
				"CODE_SIGN_IDENTITY[sdk=iphoneos*]" = "iPhone Developer";
				COPY_PHASE_STRIP = NO;
				GCC_C_LANGUAGE_STANDARD = gnu99;
				GCC_DYNAMIC_NO_PIC = NO;
				GCC_OPTIMIZATION_LEVEL = 0;
				GCC_PREPROCESSOR_DEFINITIONS = (
					"DEBUG=1",
					"$(inherited)",
				);
				GCC_SYMBOLS_PRIVATE_EXTERN = NO;
				GCC_VERSION = com.apple.compilers.llvm.clang.1_0;
				GCC_WARN_ABOUT_MISSING_PROTOTYPES = YES;
				GCC_WARN_ABOUT_RETURN_TYPE = YES;
				GCC_WARN_UNUSED_VARIABLE = YES;
				IPHONEOS_DEPLOYMENT_TARGET = 5.0;
				SDKROOT = iphoneos;
				TARGETED_DEVICE_FAMILY = "1,2";
			};
			name = Debug;
		};
		E2BB1E03147D3CCC002263D0 /* Release */ = {
			isa = XCBuildConfiguration;
			buildSettings = {
				ALWAYS_SEARCH_USER_PATHS = NO;
				ARCHS = "$(ARCHS_STANDARD_32_BIT)";
				CLANG_ENABLE_OBJC_ARC = YES;
				"CODE_SIGN_IDENTITY[sdk=iphoneos*]" = "iPhone Developer";
				COPY_PHASE_STRIP = YES;
				GCC_C_LANGUAGE_STANDARD = gnu99;
				GCC_VERSION = com.apple.compilers.llvm.clang.1_0;
				GCC_WARN_ABOUT_MISSING_PROTOTYPES = YES;
				GCC_WARN_ABOUT_RETURN_TYPE = YES;
				GCC_WARN_UNUSED_VARIABLE = YES;
				IPHONEOS_DEPLOYMENT_TARGET = 5.0;
				OTHER_CFLAGS = "-DNS_BLOCK_ASSERTIONS=1";
				SDKROOT = iphoneos;
				TARGETED_DEVICE_FAMILY = "1,2";
				VALIDATE_PRODUCT = YES;
			};
			name = Release;
		};
		E2BB1E05147D3CCC002263D0 /* Debug */ = {
			isa = XCBuildConfiguration;
			buildSettings = {
				CODE_SIGN_ENTITLEMENTS = AddressbookSyncDemo/AddressbookSyncDemo.entitlements;
				"CODE_SIGN_IDENTITY[sdk=iphoneos*]" = "iPhone Developer: Tom Fewster (26H8M8U3AJ)";
				GCC_PRECOMPILE_PREFIX_HEADER = YES;
				GCC_PREFIX_HEADER = "AddressbookSyncDemo/AddressbookSyncDemo-Prefix.pch";
				INFOPLIST_FILE = "AddressbookSyncDemo/AddressbookSyncDemo-Info.plist";
				PRODUCT_NAME = "$(TARGET_NAME)";
				"PROVISIONING_PROFILE[sdk=iphoneos*]" = "282DCBB1-8F7B-48E6-B675-10ECAEAFAC72";
				WRAPPER_EXTENSION = app;
			};
			name = Debug;
		};
		E2BB1E06147D3CCC002263D0 /* Release */ = {
			isa = XCBuildConfiguration;
			buildSettings = {
				CODE_SIGN_ENTITLEMENTS = AddressbookSyncDemo/AddressbookSyncDemo.entitlements;
				"CODE_SIGN_IDENTITY[sdk=iphoneos*]" = "iPhone Developer: Tom Fewster (26H8M8U3AJ)";
				GCC_PRECOMPILE_PREFIX_HEADER = YES;
				GCC_PREFIX_HEADER = "AddressbookSyncDemo/AddressbookSyncDemo-Prefix.pch";
				INFOPLIST_FILE = "AddressbookSyncDemo/AddressbookSyncDemo-Info.plist";
				PRODUCT_NAME = "$(TARGET_NAME)";
				"PROVISIONING_PROFILE[sdk=iphoneos*]" = "282DCBB1-8F7B-48E6-B675-10ECAEAFAC72";
				WRAPPER_EXTENSION = app;
			};
			name = Release;
		};
/* End XCBuildConfiguration section */

/* Begin XCConfigurationList section */
		E27357C31482D7B700BCE1BB /* Build configuration list for PBXNativeTarget "AddressbookSyncDemoMac" */ = {
			isa = XCConfigurationList;
			buildConfigurations = (
				E27357C41482D7B700BCE1BB /* Debug */,
				E27357C51482D7B700BCE1BB /* Release */,
			);
			defaultConfigurationIsVisible = 0;
			defaultConfigurationName = Release;
		};
		E2BB1DD5147D3CCC002263D0 /* Build configuration list for PBXProject "AddressbookSyncDemo" */ = {
			isa = XCConfigurationList;
			buildConfigurations = (
				E2BB1E02147D3CCC002263D0 /* Debug */,
				E2BB1E03147D3CCC002263D0 /* Release */,
			);
			defaultConfigurationIsVisible = 0;
			defaultConfigurationName = Release;
		};
		E2BB1E04147D3CCC002263D0 /* Build configuration list for PBXNativeTarget "AddressbookSyncDemo" */ = {
			isa = XCConfigurationList;
			buildConfigurations = (
				E2BB1E05147D3CCC002263D0 /* Debug */,
				E2BB1E06147D3CCC002263D0 /* Release */,
			);
			defaultConfigurationIsVisible = 0;
			defaultConfigurationName = Release;
		};
/* End XCConfigurationList section */

/* Begin XCVersionGroup section */
		E2BB1DF9147D3CCC002263D0 /* AddressbookSyncDemo.xcdatamodeld */ = {
			isa = XCVersionGroup;
			children = (
				E2BB1DFA147D3CCC002263D0 /* AddressbookSyncDemo.xcdatamodel */,
			);
			currentVersion = E2BB1DFA147D3CCC002263D0 /* AddressbookSyncDemo.xcdatamodel */;
			name = AddressbookSyncDemo.xcdatamodeld;
			path = AddressbookSyncDemo/AddressbookSyncDemo.xcdatamodeld;
			sourceTree = "<group>";
			versionGroupType = wrapper.xcdatamodel;
		};
/* End XCVersionGroup section */
	};
	rootObject = E2BB1DD2147D3CCC002263D0 /* Project object */;
}
